
Microsoft Visual Studio Solution File, Format Version 12.00
# Visual Studio Version 16
VisualStudioVersion = 16.0.30523.141
MinimumVisualStudioVersion = 10.0.40219.1
Project("{FAE04EC0-301F-11D3-BF4B-00C04F79EFBC}") = "vergiBlue", "vergiBlue\vergiBlue.csproj", "{69F44283-AEA6-450C-9CF4-12672440B9EA}"
EndProject
Project("{FAE04EC0-301F-11D3-BF4B-00C04F79EFBC}") = "Common", "Common\Common.csproj", "{9EFDBA49-E54D-4F82-912F-BF883A25F441}"
EndProject
Project("{FAE04EC0-301F-11D3-BF4B-00C04F79EFBC}") = "TestServer", "TestServer\TestServer.csproj", "{E65196C6-AD94-4AF5-90E9-8255EAE2E7AD}"
EndProject
Project("{FAE04EC0-301F-11D3-BF4B-00C04F79EFBC}") = "vergiBlueTests", "vergiBlueTests\vergiBlueTests.csproj", "{15A412AD-2BDC-45ED-B602-A1B71E154ABC}"
EndProject
Global
	GlobalSection(SolutionConfigurationPlatforms) = preSolution
		Debug|Any CPU = Debug|Any CPU
		Release|Any CPU = Release|Any CPU
	EndGlobalSection
	GlobalSection(ProjectConfigurationPlatforms) = postSolution
		{69F44283-AEA6-450C-9CF4-12672440B9EA}.Debug|Any CPU.ActiveCfg = Debug|Any CPU
		{69F44283-AEA6-450C-9CF4-12672440B9EA}.Debug|Any CPU.Build.0 = Debug|Any CPU
		{69F44283-AEA6-450C-9CF4-12672440B9EA}.Release|Any CPU.ActiveCfg = Release|Any CPU
		{69F44283-AEA6-450C-9CF4-12672440B9EA}.Release|Any CPU.Build.0 = Release|Any CPU
		{9EFDBA49-E54D-4F82-912F-BF883A25F441}.Debug|Any CPU.ActiveCfg = Debug|Any CPU
		{9EFDBA49-E54D-4F82-912F-BF883A25F441}.Debug|Any CPU.Build.0 = Debug|Any CPU
		{9EFDBA49-E54D-4F82-912F-BF883A25F441}.Release|Any CPU.ActiveCfg = Release|Any CPU
		{9EFDBA49-E54D-4F82-912F-BF883A25F441}.Release|Any CPU.Build.0 = Release|Any CPU
		{E65196C6-AD94-4AF5-90E9-8255EAE2E7AD}.Debug|Any CPU.ActiveCfg = Debug|Any CPU
		{E65196C6-AD94-4AF5-90E9-8255EAE2E7AD}.Debug|Any CPU.Build.0 = Debug|Any CPU
		{E65196C6-AD94-4AF5-90E9-8255EAE2E7AD}.Release|Any CPU.ActiveCfg = Release|Any CPU
		{E65196C6-AD94-4AF5-90E9-8255EAE2E7AD}.Release|Any CPU.Build.0 = Release|Any CPU
		{15A412AD-2BDC-45ED-B602-A1B71E154ABC}.Debug|Any CPU.ActiveCfg = Debug|Any CPU
		{15A412AD-2BDC-45ED-B602-A1B71E154ABC}.Debug|Any CPU.Build.0 = Debug|Any CPU
		{15A412AD-2BDC-45ED-B602-A1B71E154ABC}.Release|Any CPU.ActiveCfg = Release|Any CPU
		{15A412AD-2BDC-45ED-B602-A1B71E154ABC}.Release|Any CPU.Build.0 = Release|Any CPU
	EndGlobalSection
	GlobalSection(SolutionProperties) = preSolution
		HideSolutionNode = FALSE
	EndGlobalSection
	GlobalSection(ExtensibilityGlobals) = postSolution
		SolutionGuid = {5FA2AD09-4D55-4B74-9C86-2997BAD9301C}
	EndGlobalSection
EndGlobal
