
Microsoft Visual Studio Solution File, Format Version 12.00
# Visual Studio Version 16
VisualStudioVersion = 16.0.30523.141
MinimumVisualStudioVersion = 10.0.40219.1
Project("{9A19103F-16F7-4668-BE54-9A1E7A4F7556}") = "CommonNetStandard", "CommonNetStandard\CommonNetStandard.csproj", "{E15B36EB-44E3-478F-8A9E-6B0AEC413CE7}"
EndProject
Project("{9A19103F-16F7-4668-BE54-9A1E7A4F7556}") = "vergiBlue", "vergiBlue\vergiBlue.csproj", "{2E46AC24-61F4-4CF3-AC4B-4D658D2880D5}"
EndProject
Project("{FAE04EC0-301F-11D3-BF4B-00C04F79EFBC}") = "TestServer", "TestServer\TestServer.csproj", "{4D86C611-4217-4F95-BF92-B1EC29F8E389}"
EndProject
Project("{FAE04EC0-301F-11D3-BF4B-00C04F79EFBC}") = "vergiBlueTests", "vergiBlueTests\vergiBlueTests.csproj", "{085DD035-9F89-4371-8009-F4F7AD8CCE6E}"
EndProject
Global
	GlobalSection(SolutionConfigurationPlatforms) = preSolution
		Debug|Any CPU = Debug|Any CPU
		Release|Any CPU = Release|Any CPU
	EndGlobalSection
	GlobalSection(ProjectConfigurationPlatforms) = postSolution
		{E15B36EB-44E3-478F-8A9E-6B0AEC413CE7}.Debug|Any CPU.ActiveCfg = Debug|Any CPU
		{E15B36EB-44E3-478F-8A9E-6B0AEC413CE7}.Debug|Any CPU.Build.0 = Debug|Any CPU
		{E15B36EB-44E3-478F-8A9E-6B0AEC413CE7}.Release|Any CPU.ActiveCfg = Release|Any CPU
		{E15B36EB-44E3-478F-8A9E-6B0AEC413CE7}.Release|Any CPU.Build.0 = Release|Any CPU
		{2E46AC24-61F4-4CF3-AC4B-4D658D2880D5}.Debug|Any CPU.ActiveCfg = Debug|Any CPU
		{2E46AC24-61F4-4CF3-AC4B-4D658D2880D5}.Debug|Any CPU.Build.0 = Debug|Any CPU
		{2E46AC24-61F4-4CF3-AC4B-4D658D2880D5}.Release|Any CPU.ActiveCfg = Release|Any CPU
		{2E46AC24-61F4-4CF3-AC4B-4D658D2880D5}.Release|Any CPU.Build.0 = Release|Any CPU
		{4D86C611-4217-4F95-BF92-B1EC29F8E389}.Debug|Any CPU.ActiveCfg = Debug|Any CPU
		{4D86C611-4217-4F95-BF92-B1EC29F8E389}.Debug|Any CPU.Build.0 = Debug|Any CPU
		{4D86C611-4217-4F95-BF92-B1EC29F8E389}.Release|Any CPU.ActiveCfg = Release|Any CPU
		{4D86C611-4217-4F95-BF92-B1EC29F8E389}.Release|Any CPU.Build.0 = Release|Any CPU
		{085DD035-9F89-4371-8009-F4F7AD8CCE6E}.Debug|Any CPU.ActiveCfg = Debug|Any CPU
		{085DD035-9F89-4371-8009-F4F7AD8CCE6E}.Debug|Any CPU.Build.0 = Debug|Any CPU
		{085DD035-9F89-4371-8009-F4F7AD8CCE6E}.Release|Any CPU.ActiveCfg = Release|Any CPU
		{085DD035-9F89-4371-8009-F4F7AD8CCE6E}.Release|Any CPU.Build.0 = Release|Any CPU
	EndGlobalSection
	GlobalSection(SolutionProperties) = preSolution
		HideSolutionNode = FALSE
	EndGlobalSection
	GlobalSection(ExtensibilityGlobals) = postSolution
		SolutionGuid = {5FA2AD09-4D55-4B74-9C86-2997BAD9301C}
	EndGlobalSection
EndGlobal
